
Microsoft Visual Studio Solution File, Format Version 12.00
# Visual Studio 15
VisualStudioVersion = 15.0.26730.12
MinimumVisualStudioVersion = 10.0.40219.1
Project("{FAE04EC0-301F-11D3-BF4B-00C04F79EFBC}") = "TKP4", "TKP4\TKP4.csproj", "{D4FA656F-0143-474F-B612-8512150BE47D}"
EndProject
Global
	GlobalSection(SolutionConfigurationPlatforms) = preSolution
		Debug|Any CPU = Debug|Any CPU
		Release|Any CPU = Release|Any CPU
	EndGlobalSection
	GlobalSection(ProjectConfigurationPlatforms) = postSolution
		{D4FA656F-0143-474F-B612-8512150BE47D}.Debug|Any CPU.ActiveCfg = Debug|Any CPU
		{D4FA656F-0143-474F-B612-8512150BE47D}.Debug|Any CPU.Build.0 = Debug|Any CPU
		{D4FA656F-0143-474F-B612-8512150BE47D}.Release|Any CPU.ActiveCfg = Release|Any CPU
		{D4FA656F-0143-474F-B612-8512150BE47D}.Release|Any CPU.Build.0 = Release|Any CPU
	EndGlobalSection
	GlobalSection(SolutionProperties) = preSolution
		HideSolutionNode = FALSE
	EndGlobalSection
	GlobalSection(ExtensibilityGlobals) = postSolution
		SolutionGuid = {468D44CD-4B35-41EF-AF57-1E50855436BB}
	EndGlobalSection
EndGlobal
